// !$*UTF8*$!
{
	archiveVersion = 1;
	classes = {
	};
	objectVersion = 50;
	objects = {

/* Begin PBXBuildFile section */
		C1DF680926504F98004DDD90 /* AppDelegate.swift in Sources */ = {isa = PBXBuildFile; fileRef = C1DF680826504F98004DDD90 /* AppDelegate.swift */; };
		C1DF680B26504F98004DDD90 /* SceneDelegate.swift in Sources */ = {isa = PBXBuildFile; fileRef = C1DF680A26504F98004DDD90 /* SceneDelegate.swift */; };
		C1DF681026504F98004DDD90 /* Main.storyboard in Resources */ = {isa = PBXBuildFile; fileRef = C1DF680E26504F98004DDD90 /* Main.storyboard */; };
		C1DF681326504F98004DDD90 /* CoreData1.xcdatamodeld in Sources */ = {isa = PBXBuildFile; fileRef = C1DF681126504F98004DDD90 /* CoreData1.xcdatamodeld */; };
		C1DF681526504FB3004DDD90 /* Assets.xcassets in Resources */ = {isa = PBXBuildFile; fileRef = C1DF681426504FB3004DDD90 /* Assets.xcassets */; };
		C1DF681826504FB3004DDD90 /* LaunchScreen.storyboard in Resources */ = {isa = PBXBuildFile; fileRef = C1DF681626504FB3004DDD90 /* LaunchScreen.storyboard */; };
		C1DF682026505F53004DDD90 /* WorkoutListViewController.swift in Sources */ = {isa = PBXBuildFile; fileRef = C1DF681F26505F53004DDD90 /* WorkoutListViewController.swift */; };
		C1DF682226506165004DDD90 /* StorageManager.swift in Sources */ = {isa = PBXBuildFile; fileRef = C1DF682126506165004DDD90 /* StorageManager.swift */; };
		C1DF682A26541A9C004DDD90 /* AddNewWorkoutViewController.swift in Sources */ = {isa = PBXBuildFile; fileRef = C1DF682926541A9C004DDD90 /* AddNewWorkoutViewController.swift */; };
		C1DF682E265455BD004DDD90 /* ShowWorkoutTableViewController.swift in Sources */ = {isa = PBXBuildFile; fileRef = C1DF682D265455BD004DDD90 /* ShowWorkoutTableViewController.swift */; };
/* End PBXBuildFile section */

/* Begin PBXFileReference section */
		C1DF680526504F98004DDD90 /* CoreData1.app */ = {isa = PBXFileReference; explicitFileType = wrapper.application; includeInIndex = 0; path = CoreData1.app; sourceTree = BUILT_PRODUCTS_DIR; };
		C1DF680826504F98004DDD90 /* AppDelegate.swift */ = {isa = PBXFileReference; lastKnownFileType = sourcecode.swift; path = AppDelegate.swift; sourceTree = "<group>"; };
		C1DF680A26504F98004DDD90 /* SceneDelegate.swift */ = {isa = PBXFileReference; lastKnownFileType = sourcecode.swift; path = SceneDelegate.swift; sourceTree = "<group>"; };
		C1DF680F26504F98004DDD90 /* Base */ = {isa = PBXFileReference; lastKnownFileType = file.storyboard; name = Base; path = Base.lproj/Main.storyboard; sourceTree = "<group>"; };
		C1DF681226504F98004DDD90 /* CoreData1.xcdatamodel */ = {isa = PBXFileReference; lastKnownFileType = wrapper.xcdatamodel; path = CoreData1.xcdatamodel; sourceTree = "<group>"; };
		C1DF681426504FB3004DDD90 /* Assets.xcassets */ = {isa = PBXFileReference; lastKnownFileType = folder.assetcatalog; path = Assets.xcassets; sourceTree = "<group>"; };
		C1DF681726504FB3004DDD90 /* Base */ = {isa = PBXFileReference; lastKnownFileType = file.storyboard; name = Base; path = Base.lproj/LaunchScreen.storyboard; sourceTree = "<group>"; };
		C1DF681926504FB3004DDD90 /* Info.plist */ = {isa = PBXFileReference; lastKnownFileType = text.plist.xml; path = Info.plist; sourceTree = "<group>"; };
		C1DF681F26505F53004DDD90 /* WorkoutListViewController.swift */ = {isa = PBXFileReference; lastKnownFileType = sourcecode.swift; path = WorkoutListViewController.swift; sourceTree = "<group>"; };
		C1DF682126506165004DDD90 /* StorageManager.swift */ = {isa = PBXFileReference; lastKnownFileType = sourcecode.swift; path = StorageManager.swift; sourceTree = "<group>"; };
		C1DF682926541A9C004DDD90 /* AddNewWorkoutViewController.swift */ = {isa = PBXFileReference; lastKnownFileType = sourcecode.swift; path = AddNewWorkoutViewController.swift; sourceTree = "<group>"; };
		C1DF682D265455BD004DDD90 /* ShowWorkoutTableViewController.swift */ = {isa = PBXFileReference; lastKnownFileType = sourcecode.swift; path = ShowWorkoutTableViewController.swift; sourceTree = "<group>"; };
/* End PBXFileReference section */

/* Begin PBXFrameworksBuildPhase section */
		C1DF680226504F98004DDD90 /* Frameworks */ = {
			isa = PBXFrameworksBuildPhase;
			buildActionMask = 2147483647;
			files = (
			);
			runOnlyForDeploymentPostprocessing = 0;
		};
/* End PBXFrameworksBuildPhase section */

/* Begin PBXGroup section */
		C1DF67FC26504F98004DDD90 = {
			isa = PBXGroup;
			children = (
				C1DF680726504F98004DDD90 /* CoreData1 */,
				C1DF680626504F98004DDD90 /* Products */,
			);
			sourceTree = "<group>";
		};
		C1DF680626504F98004DDD90 /* Products */ = {
			isa = PBXGroup;
			children = (
				C1DF680526504F98004DDD90 /* CoreData1.app */,
			);
			name = Products;
			sourceTree = "<group>";
		};
		C1DF680726504F98004DDD90 /* CoreData1 */ = {
			isa = PBXGroup;
			children = (
				C1DF6825265419D9004DDD90 /* App */,
				C1DF6823265419B1004DDD90 /* ViewControllers */,
				C1DF682626541A08004DDD90 /* Resources */,
				C1DF6824265419C2004DDD90 /* Storyboards */,
				C1DF682826541A34004DDD90 /* CoreData */,
				C1DF682726541A15004DDD90 /* StorageManager */,
			);
			path = CoreData1;
			sourceTree = "<group>";
		};
		C1DF6823265419B1004DDD90 /* ViewControllers */ = {
			isa = PBXGroup;
			children = (
				C1DF681F26505F53004DDD90 /* WorkoutListViewController.swift */,
				C1DF682926541A9C004DDD90 /* AddNewWorkoutViewController.swift */,
				C1DF682D265455BD004DDD90 /* ShowWorkoutTableViewController.swift */,
			);
			path = ViewControllers;
			sourceTree = "<group>";
		};
		C1DF6824265419C2004DDD90 /* Storyboards */ = {
			isa = PBXGroup;
			children = (
				C1DF680E26504F98004DDD90 /* Main.storyboard */,
				C1DF681626504FB3004DDD90 /* LaunchScreen.storyboard */,
			);
			path = Storyboards;
			sourceTree = "<group>";
		};
		C1DF6825265419D9004DDD90 /* App */ = {
			isa = PBXGroup;
			children = (
				C1DF681926504FB3004DDD90 /* Info.plist */,
				C1DF680A26504F98004DDD90 /* SceneDelegate.swift */,
				C1DF680826504F98004DDD90 /* AppDelegate.swift */,
			);
			path = App;
			sourceTree = "<group>";
		};
		C1DF682626541A08004DDD90 /* Resources */ = {
			isa = PBXGroup;
			children = (
				C1DF681426504FB3004DDD90 /* Assets.xcassets */,
			);
			path = Resources;
			sourceTree = "<group>";
		};
		C1DF682726541A15004DDD90 /* StorageManager */ = {
			isa = PBXGroup;
			children = (
				C1DF682126506165004DDD90 /* StorageManager.swift */,
			);
			path = StorageManager;
			sourceTree = "<group>";
		};
		C1DF682826541A34004DDD90 /* CoreData */ = {
			isa = PBXGroup;
			children = (
				C1DF681126504F98004DDD90 /* CoreData1.xcdatamodeld */,
			);
			path = CoreData;
			sourceTree = "<group>";
		};
/* End PBXGroup section */

/* Begin PBXNativeTarget section */
		C1DF680426504F98004DDD90 /* CoreData1 */ = {
			isa = PBXNativeTarget;
			buildConfigurationList = C1DF681C26504FB3004DDD90 /* Build configuration list for PBXNativeTarget "CoreData1" */;
			buildPhases = (
				C1DF680126504F98004DDD90 /* Sources */,
				C1DF680226504F98004DDD90 /* Frameworks */,
				C1DF680326504F98004DDD90 /* Resources */,
			);
			buildRules = (
			);
			dependencies = (
			);
			name = CoreData1;
			productName = CoreData1;
			productReference = C1DF680526504F98004DDD90 /* CoreData1.app */;
			productType = "com.apple.product-type.application";
		};
/* End PBXNativeTarget section */

/* Begin PBXProject section */
		C1DF67FD26504F98004DDD90 /* Project object */ = {
			isa = PBXProject;
			attributes = {
				LastSwiftUpdateCheck = 1250;
				LastUpgradeCheck = 1250;
				TargetAttributes = {
					C1DF680426504F98004DDD90 = {
						CreatedOnToolsVersion = 12.5;
					};
				};
			};
			buildConfigurationList = C1DF680026504F98004DDD90 /* Build configuration list for PBXProject "CoreData1" */;
			compatibilityVersion = "Xcode 9.3";
			developmentRegion = en;
			hasScannedForEncodings = 0;
			knownRegions = (
				en,
				Base,
			);
			mainGroup = C1DF67FC26504F98004DDD90;
			productRefGroup = C1DF680626504F98004DDD90 /* Products */;
			projectDirPath = "";
			projectRoot = "";
			targets = (
				C1DF680426504F98004DDD90 /* CoreData1 */,
			);
		};
/* End PBXProject section */

/* Begin PBXResourcesBuildPhase section */
		C1DF680326504F98004DDD90 /* Resources */ = {
			isa = PBXResourcesBuildPhase;
			buildActionMask = 2147483647;
			files = (
				C1DF681826504FB3004DDD90 /* LaunchScreen.storyboard in Resources */,
				C1DF681526504FB3004DDD90 /* Assets.xcassets in Resources */,
				C1DF681026504F98004DDD90 /* Main.storyboard in Resources */,
			);
			runOnlyForDeploymentPostprocessing = 0;
		};
/* End PBXResourcesBuildPhase section */

/* Begin PBXSourcesBuildPhase section */
		C1DF680126504F98004DDD90 /* Sources */ = {
			isa = PBXSourcesBuildPhase;
			buildActionMask = 2147483647;
			files = (
				C1DF682026505F53004DDD90 /* WorkoutListViewController.swift in Sources */,
				C1DF680926504F98004DDD90 /* AppDelegate.swift in Sources */,
				C1DF682226506165004DDD90 /* StorageManager.swift in Sources */,
				C1DF681326504F98004DDD90 /* CoreData1.xcdatamodeld in Sources */,
				C1DF682E265455BD004DDD90 /* ShowWorkoutTableViewController.swift in Sources */,
				C1DF680B26504F98004DDD90 /* SceneDelegate.swift in Sources */,
				C1DF682A26541A9C004DDD90 /* AddNewWorkoutViewController.swift in Sources */,
			);
			runOnlyForDeploymentPostprocessing = 0;
		};
/* End PBXSourcesBuildPhase section */

/* Begin PBXVariantGroup section */
		C1DF680E26504F98004DDD90 /* Main.storyboard */ = {
			isa = PBXVariantGroup;
			children = (
				C1DF680F26504F98004DDD90 /* Base */,
			);
			name = Main.storyboard;
			sourceTree = "<group>";
		};
		C1DF681626504FB3004DDD90 /* LaunchScreen.storyboard */ = {
			isa = PBXVariantGroup;
			children = (
				C1DF681726504FB3004DDD90 /* Base */,
			);
			name = LaunchScreen.storyboard;
			sourceTree = "<group>";
		};
/* End PBXVariantGroup section */

/* Begin XCBuildConfiguration section */
		C1DF681A26504FB3004DDD90 /* Debug */ = {
			isa = XCBuildConfiguration;
			buildSettings = {
				ALWAYS_SEARCH_USER_PATHS = NO;
				CLANG_ANALYZER_NONNULL = YES;
				CLANG_ANALYZER_NUMBER_OBJECT_CONVERSION = YES_AGGRESSIVE;
				CLANG_CXX_LANGUAGE_STANDARD = "gnu++14";
				CLANG_CXX_LIBRARY = "libc++";
				CLANG_ENABLE_MODULES = YES;
				CLANG_ENABLE_OBJC_ARC = YES;
				CLANG_ENABLE_OBJC_WEAK = YES;
				CLANG_WARN_BLOCK_CAPTURE_AUTORELEASING = YES;
				CLANG_WARN_BOOL_CONVERSION = YES;
				CLANG_WARN_COMMA = YES;
				CLANG_WARN_CONSTANT_CONVERSION = YES;
				CLANG_WARN_DEPRECATED_OBJC_IMPLEMENTATIONS = YES;
				CLANG_WARN_DIRECT_OBJC_ISA_USAGE = YES_ERROR;
				CLANG_WARN_DOCUMENTATION_COMMENTS = YES;
				CLANG_WARN_EMPTY_BODY = YES;
				CLANG_WARN_ENUM_CONVERSION = YES;
				CLANG_WARN_INFINITE_RECURSION = YES;
				CLANG_WARN_INT_CONVERSION = YES;
				CLANG_WARN_NON_LITERAL_NULL_CONVERSION = YES;
				CLANG_WARN_OBJC_IMPLICIT_RETAIN_SELF = YES;
				CLANG_WARN_OBJC_LITERAL_CONVERSION = YES;
				CLANG_WARN_OBJC_ROOT_CLASS = YES_ERROR;
				CLANG_WARN_QUOTED_INCLUDE_IN_FRAMEWORK_HEADER = YES;
				CLANG_WARN_RANGE_LOOP_ANALYSIS = YES;
				CLANG_WARN_STRICT_PROTOTYPES = YES;
				CLANG_WARN_SUSPICIOUS_MOVE = YES;
				CLANG_WARN_UNGUARDED_AVAILABILITY = YES_AGGRESSIVE;
				CLANG_WARN_UNREACHABLE_CODE = YES;
				CLANG_WARN__DUPLICATE_METHOD_MATCH = YES;
				COPY_PHASE_STRIP = NO;
				DEBUG_INFORMATION_FORMAT = dwarf;
				ENABLE_STRICT_OBJC_MSGSEND = YES;
				ENABLE_TESTABILITY = YES;
				GCC_C_LANGUAGE_STANDARD = gnu11;
				GCC_DYNAMIC_NO_PIC = NO;
				GCC_NO_COMMON_BLOCKS = YES;
				GCC_OPTIMIZATION_LEVEL = 0;
				GCC_PREPROCESSOR_DEFINITIONS = (
					"DEBUG=1",
					"$(inherited)",
				);
				GCC_WARN_64_TO_32_BIT_CONVERSION = YES;
				GCC_WARN_ABOUT_RETURN_TYPE = YES_ERROR;
				GCC_WARN_UNDECLARED_SELECTOR = YES;
				GCC_WARN_UNINITIALIZED_AUTOS = YES_AGGRESSIVE;
				GCC_WARN_UNUSED_FUNCTION = YES;
				GCC_WARN_UNUSED_VARIABLE = YES;
				IPHONEOS_DEPLOYMENT_TARGET = 14.5;
				MTL_ENABLE_DEBUG_INFO = INCLUDE_SOURCE;
				MTL_FAST_MATH = YES;
				ONLY_ACTIVE_ARCH = YES;
				SDKROOT = iphoneos;
				SWIFT_ACTIVE_COMPILATION_CONDITIONS = DEBUG;
				SWIFT_OPTIMIZATION_LEVEL = "-Onone";
			};
			name = Debug;
		};
		C1DF681B26504FB3004DDD90 /* Release */ = {
			isa = XCBuildConfiguration;
			buildSettings = {
				ALWAYS_SEARCH_USER_PATHS = NO;
				CLANG_ANALYZER_NONNULL = YES;
				CLANG_ANALYZER_NUMBER_OBJECT_CONVERSION = YES_AGGRESSIVE;
				CLANG_CXX_LANGUAGE_STANDARD = "gnu++14";
				CLANG_CXX_LIBRARY = "libc++";
				CLANG_ENABLE_MODULES = YES;
				CLANG_ENABLE_OBJC_ARC = YES;
				CLANG_ENABLE_OBJC_WEAK = YES;
				CLANG_WARN_BLOCK_CAPTURE_AUTORELEASING = YES;
				CLANG_WARN_BOOL_CONVERSION = YES;
				CLANG_WARN_COMMA = YES;
				CLANG_WARN_CONSTANT_CONVERSION = YES;
				CLANG_WARN_DEPRECATED_OBJC_IMPLEMENTATIONS = YES;
				CLANG_WARN_DIRECT_OBJC_ISA_USAGE = YES_ERROR;
				CLANG_WARN_DOCUMENTATION_COMMENTS = YES;
				CLANG_WARN_EMPTY_BODY = YES;
				CLANG_WARN_ENUM_CONVERSION = YES;
				CLANG_WARN_INFINITE_RECURSION = YES;
				CLANG_WARN_INT_CONVERSION = YES;
				CLANG_WARN_NON_LITERAL_NULL_CONVERSION = YES;
				CLANG_WARN_OBJC_IMPLICIT_RETAIN_SELF = YES;
				CLANG_WARN_OBJC_LITERAL_CONVERSION = YES;
				CLANG_WARN_OBJC_ROOT_CLASS = YES_ERROR;
				CLANG_WARN_QUOTED_INCLUDE_IN_FRAMEWORK_HEADER = YES;
				CLANG_WARN_RANGE_LOOP_ANALYSIS = YES;
				CLANG_WARN_STRICT_PROTOTYPES = YES;
				CLANG_WARN_SUSPICIOUS_MOVE = YES;
				CLANG_WARN_UNGUARDED_AVAILABILITY = YES_AGGRESSIVE;
				CLANG_WARN_UNREACHABLE_CODE = YES;
				CLANG_WARN__DUPLICATE_METHOD_MATCH = YES;
				COPY_PHASE_STRIP = NO;
				DEBUG_INFORMATION_FORMAT = "dwarf-with-dsym";
				ENABLE_NS_ASSERTIONS = NO;
				ENABLE_STRICT_OBJC_MSGSEND = YES;
				GCC_C_LANGUAGE_STANDARD = gnu11;
				GCC_NO_COMMON_BLOCKS = YES;
				GCC_WARN_64_TO_32_BIT_CONVERSION = YES;
				GCC_WARN_ABOUT_RETURN_TYPE = YES_ERROR;
				GCC_WARN_UNDECLARED_SELECTOR = YES;
				GCC_WARN_UNINITIALIZED_AUTOS = YES_AGGRESSIVE;
				GCC_WARN_UNUSED_FUNCTION = YES;
				GCC_WARN_UNUSED_VARIABLE = YES;
				IPHONEOS_DEPLOYMENT_TARGET = 14.5;
				MTL_ENABLE_DEBUG_INFO = NO;
				MTL_FAST_MATH = YES;
				SDKROOT = iphoneos;
				SWIFT_COMPILATION_MODE = wholemodule;
				SWIFT_OPTIMIZATION_LEVEL = "-O";
				VALIDATE_PRODUCT = YES;
			};
			name = Release;
		};
		C1DF681D26504FB3004DDD90 /* Debug */ = {
			isa = XCBuildConfiguration;
			buildSettings = {
				ASSETCATALOG_COMPILER_APPICON_NAME = AppIcon;
				ASSETCATALOG_COMPILER_GLOBAL_ACCENT_COLOR_NAME = AccentColor;
				CODE_SIGN_STYLE = Automatic;
				DEVELOPMENT_TEAM = X7L83V7V4P;
				INFOPLIST_FILE = CoreData1/app/Info.plist;
				LD_RUNPATH_SEARCH_PATHS = (
					"$(inherited)",
					"@executable_path/Frameworks",
				);
				PRODUCT_BUNDLE_IDENTIFIER = Sergeytsev.CoreData1;
				PRODUCT_NAME = "$(TARGET_NAME)";
				SWIFT_VERSION = 5.0;
				TARGETED_DEVICE_FAMILY = "1,2";
			};
			name = Debug;
		};
		C1DF681E26504FB3004DDD90 /* Release */ = {
			isa = XCBuildConfiguration;
			buildSettings = {
				ASSETCATALOG_COMPILER_APPICON_NAME = AppIcon;
				ASSETCATALOG_COMPILER_GLOBAL_ACCENT_COLOR_NAME = AccentColor;
				CODE_SIGN_STYLE = Automatic;
				DEVELOPMENT_TEAM = X7L83V7V4P;
				INFOPLIST_FILE = CoreData1/app/Info.plist;
				LD_RUNPATH_SEARCH_PATHS = (
					"$(inherited)",
					"@executable_path/Frameworks",
				);
				PRODUCT_BUNDLE_IDENTIFIER = Sergeytsev.CoreData1;
				PRODUCT_NAME = "$(TARGET_NAME)";
				SWIFT_VERSION = 5.0;
				TARGETED_DEVICE_FAMILY = "1,2";
			};
			name = Release;
		};
/* End XCBuildConfiguration section */

/* Begin XCConfigurationList section */
		C1DF680026504F98004DDD90 /* Build configuration list for PBXProject "CoreData1" */ = {
			isa = XCConfigurationList;
			buildConfigurations = (
				C1DF681A26504FB3004DDD90 /* Debug */,
				C1DF681B26504FB3004DDD90 /* Release */,
			);
			defaultConfigurationIsVisible = 0;
			defaultConfigurationName = Release;
		};
		C1DF681C26504FB3004DDD90 /* Build configuration list for PBXNativeTarget "CoreData1" */ = {
			isa = XCConfigurationList;
			buildConfigurations = (
				C1DF681D26504FB3004DDD90 /* Debug */,
				C1DF681E26504FB3004DDD90 /* Release */,
			);
			defaultConfigurationIsVisible = 0;
			defaultConfigurationName = Release;
		};
/* End XCConfigurationList section */

/* Begin XCVersionGroup section */
		C1DF681126504F98004DDD90 /* CoreData1.xcdatamodeld */ = {
			isa = XCVersionGroup;
			children = (
				C1DF681226504F98004DDD90 /* CoreData1.xcdatamodel */,
			);
			currentVersion = C1DF681226504F98004DDD90 /* CoreData1.xcdatamodel */;
			path = CoreData1.xcdatamodeld;
			sourceTree = "<group>";
			versionGroupType = wrapper.xcdatamodel;
		};
/* End XCVersionGroup section */
	};
	rootObject = C1DF67FD26504F98004DDD90 /* Project object */;
}
